
Microsoft Visual Studio Solution File, Format Version 12.00
Project("{FAE04EC0-301F-11D3-BF4B-00C04F79EFBC}") = "skywalking-netcore-runtime-store", "skywalking-netcore-runtime-store.csproj", "{A36F80E0-47A6-46D7-8EBB-241A9C61F1BB}"
EndProject
Global
	GlobalSection(SolutionConfigurationPlatforms) = preSolution
		Debug|Any CPU = Debug|Any CPU
		Release|Any CPU = Release|Any CPU
	EndGlobalSection
	GlobalSection(ProjectConfigurationPlatforms) = postSolution
		{A36F80E0-47A6-46D7-8EBB-241A9C61F1BB}.Debug|Any CPU.ActiveCfg = Debug|Any CPU
		{A36F80E0-47A6-46D7-8EBB-241A9C61F1BB}.Debug|Any CPU.Build.0 = Debug|Any CPU
		{A36F80E0-47A6-46D7-8EBB-241A9C61F1BB}.Release|Any CPU.ActiveCfg = Release|Any CPU
		{A36F80E0-47A6-46D7-8EBB-241A9C61F1BB}.Release|Any CPU.Build.0 = Release|Any CPU
	EndGlobalSection
EndGlobal
